{
  "originHash" : "2aa95d37eb22cc7724cfeaa79fcd3b217625439530e284fa844741a963bd2bf9",
  "pins" : [
    {
      "identity" : "lucide-icons-swift",
      "kind" : "remoteSourceControl",
      "location" : "https://github.com/JakubMazur/lucide-icons-swift.git",
      "state" : {
        "revision" : "498792127b18c539259cef2ce27a5db22de8abab",
        "version" : "0.577.0"
      }
    }
  ],
  "version" : 3
}
